// !$*UTF8*$!
{
	archiveVersion = 1;
	classes = {
	};
	objectVersion = 50;
	objects = {

/* Begin PBXBuildFile section */
		EFAFD364246E4BFE0083F8AD /* haikei sea.jpg in Resources */ = {isa = PBXBuildFile; fileRef = EFAFD363246E4BFE0083F8AD /* haikei sea.jpg */; };
		EFD8781F245AA48A009AF0D7 /* AppDelegate.swift in Sources */ = {isa = PBXBuildFile; fileRef = EFD8781E245AA48A009AF0D7 /* AppDelegate.swift */; };
		EFD87821245AA48A009AF0D7 /* SceneDelegate.swift in Sources */ = {isa = PBXBuildFile; fileRef = EFD87820245AA48A009AF0D7 /* SceneDelegate.swift */; };
		EFD87823245AA48A009AF0D7 /* ViewController.swift in Sources */ = {isa = PBXBuildFile; fileRef = EFD87822245AA48A009AF0D7 /* ViewController.swift */; };
		EFD87826245AA48A009AF0D7 /* Main.storyboard in Resources */ = {isa = PBXBuildFile; fileRef = EFD87824245AA48A009AF0D7 /* Main.storyboard */; };
		EFD87828245AA48E009AF0D7 /* Assets.xcassets in Resources */ = {isa = PBXBuildFile; fileRef = EFD87827245AA48E009AF0D7 /* Assets.xcassets */; };
		EFD8782B245AA48E009AF0D7 /* LaunchScreen.storyboard in Resources */ = {isa = PBXBuildFile; fileRef = EFD87829245AA48E009AF0D7 /* LaunchScreen.storyboard */; };
		EFD87836245AA48E009AF0D7 /* CountTests.swift in Sources */ = {isa = PBXBuildFile; fileRef = EFD87835245AA48E009AF0D7 /* CountTests.swift */; };
		EFD87841245AA48E009AF0D7 /* CountUITests.swift in Sources */ = {isa = PBXBuildFile; fileRef = EFD87840245AA48E009AF0D7 /* CountUITests.swift */; };
		EFD87855245BD5E2009AF0D7 /* icon.png in Resources */ = {isa = PBXBuildFile; fileRef = EFD87854245BD5E2009AF0D7 /* icon.png */; };
/* End PBXBuildFile section */

/* Begin PBXContainerItemProxy section */
		EFD87832245AA48E009AF0D7 /* PBXContainerItemProxy */ = {
			isa = PBXContainerItemProxy;
			containerPortal = EFD87813245AA48A009AF0D7 /* Project object */;
			proxyType = 1;
			remoteGlobalIDString = EFD8781A245AA48A009AF0D7;
			remoteInfo = Count;
		};
		EFD8783D245AA48E009AF0D7 /* PBXContainerItemProxy */ = {
			isa = PBXContainerItemProxy;
			containerPortal = EFD87813245AA48A009AF0D7 /* Project object */;
			proxyType = 1;
			remoteGlobalIDString = EFD8781A245AA48A009AF0D7;
			remoteInfo = Count;
		};
/* End PBXContainerItemProxy section */

/* Begin PBXFileReference section */
		EFAFD363246E4BFE0083F8AD /* haikei sea.jpg */ = {isa = PBXFileReference; lastKnownFileType = image.jpeg; path = "haikei sea.jpg"; sourceTree = SOURCE_ROOT; };
		EFD8781B245AA48A009AF0D7 /* Count.app */ = {isa = PBXFileReference; explicitFileType = wrapper.application; includeInIndex = 0; path = Count.app; sourceTree = BUILT_PRODUCTS_DIR; };
		EFD8781E245AA48A009AF0D7 /* AppDelegate.swift */ = {isa = PBXFileReference; lastKnownFileType = sourcecode.swift; path = AppDelegate.swift; sourceTree = "<group>"; };
		EFD87820245AA48A009AF0D7 /* SceneDelegate.swift */ = {isa = PBXFileReference; lastKnownFileType = sourcecode.swift; path = SceneDelegate.swift; sourceTree = "<group>"; };
		EFD87822245AA48A009AF0D7 /* ViewController.swift */ = {isa = PBXFileReference; lastKnownFileType = sourcecode.swift; path = ViewController.swift; sourceTree = "<group>"; };
		EFD87825245AA48A009AF0D7 /* Base */ = {isa = PBXFileReference; lastKnownFileType = file.storyboard; name = Base; path = Base.lproj/Main.storyboard; sourceTree = "<group>"; };
		EFD87827245AA48E009AF0D7 /* Assets.xcassets */ = {isa = PBXFileReference; lastKnownFileType = folder.assetcatalog; path = Assets.xcassets; sourceTree = "<group>"; };
		EFD8782A245AA48E009AF0D7 /* Base */ = {isa = PBXFileReference; lastKnownFileType = file.storyboard; name = Base; path = Base.lproj/LaunchScreen.storyboard; sourceTree = "<group>"; };
		EFD8782C245AA48E009AF0D7 /* Info.plist */ = {isa = PBXFileReference; lastKnownFileType = text.plist.xml; path = Info.plist; sourceTree = "<group>"; };
		EFD87831245AA48E009AF0D7 /* CountTests.xctest */ = {isa = PBXFileReference; explicitFileType = wrapper.cfbundle; includeInIndex = 0; path = CountTests.xctest; sourceTree = BUILT_PRODUCTS_DIR; };
		EFD87835245AA48E009AF0D7 /* CountTests.swift */ = {isa = PBXFileReference; lastKnownFileType = sourcecode.swift; path = CountTests.swift; sourceTree = "<group>"; };
		EFD87837245AA48E009AF0D7 /* Info.plist */ = {isa = PBXFileReference; lastKnownFileType = text.plist.xml; path = Info.plist; sourceTree = "<group>"; };
		EFD8783C245AA48E009AF0D7 /* CountUITests.xctest */ = {isa = PBXFileReference; explicitFileType = wrapper.cfbundle; includeInIndex = 0; path = CountUITests.xctest; sourceTree = BUILT_PRODUCTS_DIR; };
		EFD87840245AA48E009AF0D7 /* CountUITests.swift */ = {isa = PBXFileReference; lastKnownFileType = sourcecode.swift; path = CountUITests.swift; sourceTree = "<group>"; };
		EFD87842245AA48E009AF0D7 /* Info.plist */ = {isa = PBXFileReference; lastKnownFileType = text.plist.xml; path = Info.plist; sourceTree = "<group>"; };
		EFD87854245BD5E2009AF0D7 /* icon.png */ = {isa = PBXFileReference; lastKnownFileType = image.png; path = icon.png; sourceTree = "<group>"; };
/* End PBXFileReference section */

/* Begin PBXFrameworksBuildPhase section */
		EFD87818245AA48A009AF0D7 /* Frameworks */ = {
			isa = PBXFrameworksBuildPhase;
			buildActionMask = 2147483647;
			files = (
			);
			runOnlyForDeploymentPostprocessing = 0;
		};
		EFD8782E245AA48E009AF0D7 /* Frameworks */ = {
			isa = PBXFrameworksBuildPhase;
			buildActionMask = 2147483647;
			files = (
			);
			runOnlyForDeploymentPostprocessing = 0;
		};
		EFD87839245AA48E009AF0D7 /* Frameworks */ = {
			isa = PBXFrameworksBuildPhase;
			buildActionMask = 2147483647;
			files = (
			);
			runOnlyForDeploymentPostprocessing = 0;
		};
/* End PBXFrameworksBuildPhase section */

/* Begin PBXGroup section */
		EFD87812245AA48A009AF0D7 = {
			isa = PBXGroup;
			children = (
				EFD8781D245AA48A009AF0D7 /* Count */,
				EFD87834245AA48E009AF0D7 /* CountTests */,
				EFD8783F245AA48E009AF0D7 /* CountUITests */,
				EFD8781C245AA48A009AF0D7 /* Products */,
			);
			sourceTree = "<group>";
		};
		EFD8781C245AA48A009AF0D7 /* Products */ = {
			isa = PBXGroup;
			children = (
				EFD8781B245AA48A009AF0D7 /* Count.app */,
				EFD87831245AA48E009AF0D7 /* CountTests.xctest */,
				EFD8783C245AA48E009AF0D7 /* CountUITests.xctest */,
			);
			name = Products;
			sourceTree = "<group>";
		};
		EFD8781D245AA48A009AF0D7 /* Count */ = {
			isa = PBXGroup;
			children = (
				EFD87854245BD5E2009AF0D7 /* icon.png */,
				EFAFD363246E4BFE0083F8AD /* haikei sea.jpg */,
				EFD8781E245AA48A009AF0D7 /* AppDelegate.swift */,
				EFD87820245AA48A009AF0D7 /* SceneDelegate.swift */,
				EFD87822245AA48A009AF0D7 /* ViewController.swift */,
				EFD87824245AA48A009AF0D7 /* Main.storyboard */,
				EFD87827245AA48E009AF0D7 /* Assets.xcassets */,
				EFD87829245AA48E009AF0D7 /* LaunchScreen.storyboard */,
				EFD8782C245AA48E009AF0D7 /* Info.plist */,
			);
			path = Count;
			sourceTree = "<group>";
		};
		EFD87834245AA48E009AF0D7 /* CountTests */ = {
			isa = PBXGroup;
			children = (
				EFD87835245AA48E009AF0D7 /* CountTests.swift */,
				EFD87837245AA48E009AF0D7 /* Info.plist */,
			);
			path = CountTests;
			sourceTree = "<group>";
		};
		EFD8783F245AA48E009AF0D7 /* CountUITests */ = {
			isa = PBXGroup;
			children = (
				EFD87840245AA48E009AF0D7 /* CountUITests.swift */,
				EFD87842245AA48E009AF0D7 /* Info.plist */,
			);
			path = CountUITests;
			sourceTree = "<group>";
		};
/* End PBXGroup section */

/* Begin PBXNativeTarget section */
		EFD8781A245AA48A009AF0D7 /* Count */ = {
			isa = PBXNativeTarget;
			buildConfigurationList = EFD87845245AA48E009AF0D7 /* Build configuration list for PBXNativeTarget "Count" */;
			buildPhases = (
				EFD87817245AA48A009AF0D7 /* Sources */,
				EFD87818245AA48A009AF0D7 /* Frameworks */,
				EFD87819245AA48A009AF0D7 /* Resources */,
			);
			buildRules = (
			);
			dependencies = (
			);
			name = Count;
			productName = Count;
			productReference = EFD8781B245AA48A009AF0D7 /* Count.app */;
			productType = "com.apple.product-type.application";
		};
		EFD87830245AA48E009AF0D7 /* CountTests */ = {
			isa = PBXNativeTarget;
			buildConfigurationList = EFD87848245AA48E009AF0D7 /* Build configuration list for PBXNativeTarget "CountTests" */;
			buildPhases = (
				EFD8782D245AA48E009AF0D7 /* Sources */,
				EFD8782E245AA48E009AF0D7 /* Frameworks */,
				EFD8782F245AA48E009AF0D7 /* Resources */,
			);
			buildRules = (
			);
			dependencies = (
				EFD87833245AA48E009AF0D7 /* PBXTargetDependency */,
			);
			name = CountTests;
			productName = CountTests;
			productReference = EFD87831245AA48E009AF0D7 /* CountTests.xctest */;
			productType = "com.apple.product-type.bundle.unit-test";
		};
		EFD8783B245AA48E009AF0D7 /* CountUITests */ = {
			isa = PBXNativeTarget;
			buildConfigurationList = EFD8784B245AA48E009AF0D7 /* Build configuration list for PBXNativeTarget "CountUITests" */;
			buildPhases = (
				EFD87838245AA48E009AF0D7 /* Sources */,
				EFD87839245AA48E009AF0D7 /* Frameworks */,
				EFD8783A245AA48E009AF0D7 /* Resources */,
			);
			buildRules = (
			);
			dependencies = (
				EFD8783E245AA48E009AF0D7 /* PBXTargetDependency */,
			);
			name = CountUITests;
			productName = CountUITests;
			productReference = EFD8783C245AA48E009AF0D7 /* CountUITests.xctest */;
			productType = "com.apple.product-type.bundle.ui-testing";
		};
/* End PBXNativeTarget section */

/* Begin PBXProject section */
		EFD87813245AA48A009AF0D7 /* Project object */ = {
			isa = PBXProject;
			attributes = {
				LastSwiftUpdateCheck = 1140;
				LastUpgradeCheck = 1140;
				ORGANIZATIONNAME = "Fukui Ayanon";
				TargetAttributes = {
					EFD8781A245AA48A009AF0D7 = {
						CreatedOnToolsVersion = 11.4.1;
					};
					EFD87830245AA48E009AF0D7 = {
						CreatedOnToolsVersion = 11.4.1;
						TestTargetID = EFD8781A245AA48A009AF0D7;
					};
					EFD8783B245AA48E009AF0D7 = {
						CreatedOnToolsVersion = 11.4.1;
						TestTargetID = EFD8781A245AA48A009AF0D7;
					};
				};
			};
			buildConfigurationList = EFD87816245AA48A009AF0D7 /* Build configuration list for PBXProject "Count" */;
			compatibilityVersion = "Xcode 9.3";
			developmentRegion = en;
			hasScannedForEncodings = 0;
			knownRegions = (
				en,
				Base,
			);
			mainGroup = EFD87812245AA48A009AF0D7;
			productRefGroup = EFD8781C245AA48A009AF0D7 /* Products */;
			projectDirPath = "";
			projectRoot = "";
			targets = (
				EFD8781A245AA48A009AF0D7 /* Count */,
				EFD87830245AA48E009AF0D7 /* CountTests */,
				EFD8783B245AA48E009AF0D7 /* CountUITests */,
			);
		};
/* End PBXProject section */

/* Begin PBXResourcesBuildPhase section */
		EFD87819245AA48A009AF0D7 /* Resources */ = {
			isa = PBXResourcesBuildPhase;
			buildActionMask = 2147483647;
			files = (
				EFD8782B245AA48E009AF0D7 /* LaunchScreen.storyboard in Resources */,
				EFAFD364246E4BFE0083F8AD /* haikei sea.jpg in Resources */,
				EFD87855245BD5E2009AF0D7 /* icon.png in Resources */,
				EFD87828245AA48E009AF0D7 /* Assets.xcassets in Resources */,
				EFD87826245AA48A009AF0D7 /* Main.storyboard in Resources */,
			);
			runOnlyForDeploymentPostprocessing = 0;
		};
		EFD8782F245AA48E009AF0D7 /* Resources */ = {
			isa = PBXResourcesBuildPhase;
			buildActionMask = 2147483647;
			files = (
			);
			runOnlyForDeploymentPostprocessing = 0;
		};
		EFD8783A245AA48E009AF0D7 /* Resources */ = {
			isa = PBXResourcesBuildPhase;
			buildActionMask = 2147483647;
			files = (
			);
			runOnlyForDeploymentPostprocessing = 0;
		};
/* End PBXResourcesBuildPhase section */

/* Begin PBXSourcesBuildPhase section */
		EFD87817245AA48A009AF0D7 /* Sources */ = {
			isa = PBXSourcesBuildPhase;
			buildActionMask = 2147483647;
			files = (
				EFD87823245AA48A009AF0D7 /* ViewController.swift in Sources */,
				EFD8781F245AA48A009AF0D7 /* AppDelegate.swift in Sources */,
				EFD87821245AA48A009AF0D7 /* SceneDelegate.swift in Sources */,
			);
			runOnlyForDeploymentPostprocessing = 0;
		};
		EFD8782D245AA48E009AF0D7 /* Sources */ = {
			isa = PBXSourcesBuildPhase;
			buildActionMask = 2147483647;
			files = (
				EFD87836245AA48E009AF0D7 /* CountTests.swift in Sources */,
			);
			runOnlyForDeploymentPostprocessing = 0;
		};
		EFD87838245AA48E009AF0D7 /* Sources */ = {
			isa = PBXSourcesBuildPhase;
			buildActionMask = 2147483647;
			files = (
				EFD87841245AA48E009AF0D7 /* CountUITests.swift in Sources */,
			);
			runOnlyForDeploymentPostprocessing = 0;
		};
/* End PBXSourcesBuildPhase section */

/* Begin PBXTargetDependency section */
		EFD87833245AA48E009AF0D7 /* PBXTargetDependency */ = {
			isa = PBXTargetDependency;
			target = EFD8781A245AA48A009AF0D7 /* Count */;
			targetProxy = EFD87832245AA48E009AF0D7 /* PBXContainerItemProxy */;
		};
		EFD8783E245AA48E009AF0D7 /* PBXTargetDependency */ = {
			isa = PBXTargetDependency;
			target = EFD8781A245AA48A009AF0D7 /* Count */;
			targetProxy = EFD8783D245AA48E009AF0D7 /* PBXContainerItemProxy */;
		};
/* End PBXTargetDependency section */

/* Begin PBXVariantGroup section */
		EFD87824245AA48A009AF0D7 /* Main.storyboard */ = {
			isa = PBXVariantGroup;
			children = (
				EFD87825245AA48A009AF0D7 /* Base */,
			);
			name = Main.storyboard;
			sourceTree = "<group>";
		};
		EFD87829245AA48E009AF0D7 /* LaunchScreen.storyboard */ = {
			isa = PBXVariantGroup;
			children = (
				EFD8782A245AA48E009AF0D7 /* Base */,
			);
			name = LaunchScreen.storyboard;
			sourceTree = "<group>";
		};
/* End PBXVariantGroup section */

/* Begin XCBuildConfiguration section */
		EFD87843245AA48E009AF0D7 /* Debug */ = {
			isa = XCBuildConfiguration;
			buildSettings = {
				ALWAYS_SEARCH_USER_PATHS = NO;
				CLANG_ANALYZER_NONNULL = YES;
				CLANG_ANALYZER_NUMBER_OBJECT_CONVERSION = YES_AGGRESSIVE;
				CLANG_CXX_LANGUAGE_STANDARD = "gnu++14";
				CLANG_CXX_LIBRARY = "libc++";
				CLANG_ENABLE_MODULES = YES;
				CLANG_ENABLE_OBJC_ARC = YES;
				CLANG_ENABLE_OBJC_WEAK = YES;
				CLANG_WARN_BLOCK_CAPTURE_AUTORELEASING = YES;
				CLANG_WARN_BOOL_CONVERSION = YES;
				CLANG_WARN_COMMA = YES;
				CLANG_WARN_CONSTANT_CONVERSION = YES;
				CLANG_WARN_DEPRECATED_OBJC_IMPLEMENTATIONS = YES;
				CLANG_WARN_DIRECT_OBJC_ISA_USAGE = YES_ERROR;
				CLANG_WARN_DOCUMENTATION_COMMENTS = YES;
				CLANG_WARN_EMPTY_BODY = YES;
				CLANG_WARN_ENUM_CONVERSION = YES;
				CLANG_WARN_INFINITE_RECURSION = YES;
				CLANG_WARN_INT_CONVERSION = YES;
				CLANG_WARN_NON_LITERAL_NULL_CONVERSION = YES;
				CLANG_WARN_OBJC_IMPLICIT_RETAIN_SELF = YES;
				CLANG_WARN_OBJC_LITERAL_CONVERSION = YES;
				CLANG_WARN_OBJC_ROOT_CLASS = YES_ERROR;
				CLANG_WARN_RANGE_LOOP_ANALYSIS = YES;
				CLANG_WARN_STRICT_PROTOTYPES = YES;
				CLANG_WARN_SUSPICIOUS_MOVE = YES;
				CLANG_WARN_UNGUARDED_AVAILABILITY = YES_AGGRESSIVE;
				CLANG_WARN_UNREACHABLE_CODE = YES;
				CLANG_WARN__DUPLICATE_METHOD_MATCH = YES;
				COPY_PHASE_STRIP = NO;
				DEBUG_INFORMATION_FORMAT = dwarf;
				ENABLE_STRICT_OBJC_MSGSEND = YES;
				ENABLE_TESTABILITY = YES;
				GCC_C_LANGUAGE_STANDARD = gnu11;
				GCC_DYNAMIC_NO_PIC = NO;
				GCC_NO_COMMON_BLOCKS = YES;
				GCC_OPTIMIZATION_LEVEL = 0;
				GCC_PREPROCESSOR_DEFINITIONS = (
					"DEBUG=1",
					"$(inherited)",
				);
				GCC_WARN_64_TO_32_BIT_CONVERSION = YES;
				GCC_WARN_ABOUT_RETURN_TYPE = YES_ERROR;
				GCC_WARN_UNDECLARED_SELECTOR = YES;
				GCC_WARN_UNINITIALIZED_AUTOS = YES_AGGRESSIVE;
				GCC_WARN_UNUSED_FUNCTION = YES;
				GCC_WARN_UNUSED_VARIABLE = YES;
				IPHONEOS_DEPLOYMENT_TARGET = 13.4;
				MTL_ENABLE_DEBUG_INFO = INCLUDE_SOURCE;
				MTL_FAST_MATH = YES;
				ONLY_ACTIVE_ARCH = YES;
				SDKROOT = iphoneos;
				SWIFT_ACTIVE_COMPILATION_CONDITIONS = DEBUG;
				SWIFT_OPTIMIZATION_LEVEL = "-Onone";
			};
			name = Debug;
		};
		EFD87844245AA48E009AF0D7 /* Release */ = {
			isa = XCBuildConfiguration;
			buildSettings = {
				ALWAYS_SEARCH_USER_PATHS = NO;
				CLANG_ANALYZER_NONNULL = YES;
				CLANG_ANALYZER_NUMBER_OBJECT_CONVERSION = YES_AGGRESSIVE;
				CLANG_CXX_LANGUAGE_STANDARD = "gnu++14";
				CLANG_CXX_LIBRARY = "libc++";
				CLANG_ENABLE_MODULES = YES;
				CLANG_ENABLE_OBJC_ARC = YES;
				CLANG_ENABLE_OBJC_WEAK = YES;
				CLANG_WARN_BLOCK_CAPTURE_AUTORELEASING = YES;
				CLANG_WARN_BOOL_CONVERSION = YES;
				CLANG_WARN_COMMA = YES;
				CLANG_WARN_CONSTANT_CONVERSION = YES;
				CLANG_WARN_DEPRECATED_OBJC_IMPLEMENTATIONS = YES;
				CLANG_WARN_DIRECT_OBJC_ISA_USAGE = YES_ERROR;
				CLANG_WARN_DOCUMENTATION_COMMENTS = YES;
				CLANG_WARN_EMPTY_BODY = YES;
				CLANG_WARN_ENUM_CONVERSION = YES;
				CLANG_WARN_INFINITE_RECURSION = YES;
				CLANG_WARN_INT_CONVERSION = YES;
				CLANG_WARN_NON_LITERAL_NULL_CONVERSION = YES;
				CLANG_WARN_OBJC_IMPLICIT_RETAIN_SELF = YES;
				CLANG_WARN_OBJC_LITERAL_CONVERSION = YES;
				CLANG_WARN_OBJC_ROOT_CLASS = YES_ERROR;
				CLANG_WARN_RANGE_LOOP_ANALYSIS = YES;
				CLANG_WARN_STRICT_PROTOTYPES = YES;
				CLANG_WARN_SUSPICIOUS_MOVE = YES;
				CLANG_WARN_UNGUARDED_AVAILABILITY = YES_AGGRESSIVE;
				CLANG_WARN_UNREACHABLE_CODE = YES;
				CLANG_WARN__DUPLICATE_METHOD_MATCH = YES;
				COPY_PHASE_STRIP = NO;
				DEBUG_INFORMATION_FORMAT = "dwarf-with-dsym";
				ENABLE_NS_ASSERTIONS = NO;
				ENABLE_STRICT_OBJC_MSGSEND = YES;
				GCC_C_LANGUAGE_STANDARD = gnu11;
				GCC_NO_COMMON_BLOCKS = YES;
				GCC_WARN_64_TO_32_BIT_CONVERSION = YES;
				GCC_WARN_ABOUT_RETURN_TYPE = YES_ERROR;
				GCC_WARN_UNDECLARED_SELECTOR = YES;
				GCC_WARN_UNINITIALIZED_AUTOS = YES_AGGRESSIVE;
				GCC_WARN_UNUSED_FUNCTION = YES;
				GCC_WARN_UNUSED_VARIABLE = YES;
				IPHONEOS_DEPLOYMENT_TARGET = 13.4;
				MTL_ENABLE_DEBUG_INFO = NO;
				MTL_FAST_MATH = YES;
				SDKROOT = iphoneos;
				SWIFT_COMPILATION_MODE = wholemodule;
				SWIFT_OPTIMIZATION_LEVEL = "-O";
				VALIDATE_PRODUCT = YES;
			};
			name = Release;
		};
		EFD87846245AA48E009AF0D7 /* Debug */ = {
			isa = XCBuildConfiguration;
			buildSettings = {
				ASSETCATALOG_COMPILER_APPICON_NAME = AppIcon;
				CODE_SIGN_STYLE = Automatic;
				DEVELOPMENT_TEAM = DAY2YVU369;
				INFOPLIST_FILE = Count/Info.plist;
				IPHONEOS_DEPLOYMENT_TARGET = 13.3;
				LD_RUNPATH_SEARCH_PATHS = (
					"$(inherited)",
					"@executable_path/Frameworks",
				);
				PRODUCT_BUNDLE_IDENTIFIER = app.fukui.ayanon.Count;
				PRODUCT_NAME = "$(TARGET_NAME)";
				SWIFT_VERSION = 5.0;
				TARGETED_DEVICE_FAMILY = "1,2";
			};
			name = Debug;
		};
		EFD87847245AA48E009AF0D7 /* Release */ = {
			isa = XCBuildConfiguration;
			buildSettings = {
				ASSETCATALOG_COMPILER_APPICON_NAME = AppIcon;
				CODE_SIGN_STYLE = Automatic;
				DEVELOPMENT_TEAM = DAY2YVU369;
				INFOPLIST_FILE = Count/Info.plist;
				IPHONEOS_DEPLOYMENT_TARGET = 13.3;
				LD_RUNPATH_SEARCH_PATHS = (
					"$(inherited)",
					"@executable_path/Frameworks",
				);
				PRODUCT_BUNDLE_IDENTIFIER = app.fukui.ayanon.Count;
				PRODUCT_NAME = "$(TARGET_NAME)";
				SWIFT_VERSION = 5.0;
				TARGETED_DEVICE_FAMILY = "1,2";
			};
			name = Release;
		};
		EFD87849245AA48E009AF0D7 /* Debug */ = {
			isa = XCBuildConfiguration;
			buildSettings = {
				ALWAYS_EMBED_SWIFT_STANDARD_LIBRARIES = YES;
				BUNDLE_LOADER = "$(TEST_HOST)";
				CODE_SIGN_STYLE = Automatic;
				INFOPLIST_FILE = CountTests/Info.plist;
				IPHONEOS_DEPLOYMENT_TARGET = 13.4;
				LD_RUNPATH_SEARCH_PATHS = (
					"$(inherited)",
					"@executable_path/Frameworks",
					"@loader_path/Frameworks",
				);
				PRODUCT_BUNDLE_IDENTIFIER = app.Ayanon.Fukui.CountTests;
				PRODUCT_NAME = "$(TARGET_NAME)";
				SWIFT_VERSION = 5.0;
				TARGETED_DEVICE_FAMILY = "1,2";
				TEST_HOST = "$(BUILT_PRODUCTS_DIR)/Count.app/Count";
			};
			name = Debug;
		};
		EFD8784A245AA48E009AF0D7 /* Release */ = {
			isa = XCBuildConfiguration;
			buildSettings = {
				ALWAYS_EMBED_SWIFT_STANDARD_LIBRARIES = YES;
				BUNDLE_LOADER = "$(TEST_HOST)";
				CODE_SIGN_STYLE = Automatic;
				INFOPLIST_FILE = CountTests/Info.plist;
				IPHONEOS_DEPLOYMENT_TARGET = 13.4;
				LD_RUNPATH_SEARCH_PATHS = (
					"$(inherited)",
					"@executable_path/Frameworks",
					"@loader_path/Frameworks",
				);
				PRODUCT_BUNDLE_IDENTIFIER = app.Ayanon.Fukui.CountTests;
				PRODUCT_NAME = "$(TARGET_NAME)";
				SWIFT_VERSION = 5.0;
				TARGETED_DEVICE_FAMILY = "1,2";
				TEST_HOST = "$(BUILT_PRODUCTS_DIR)/Count.app/Count";
			};
			name = Release;
		};
		EFD8784C245AA48E009AF0D7 /* Debug */ = {
			isa = XCBuildConfiguration;
			buildSettings = {
				ALWAYS_EMBED_SWIFT_STANDARD_LIBRARIES = YES;
				CODE_SIGN_STYLE = Automatic;
				INFOPLIST_FILE = CountUITests/Info.plist;
				LD_RUNPATH_SEARCH_PATHS = (
					"$(inherited)",
					"@executable_path/Frameworks",
					"@loader_path/Frameworks",
				);
				PRODUCT_BUNDLE_IDENTIFIER = app.Ayanon.Fukui.CountUITests;
				PRODUCT_NAME = "$(TARGET_NAME)";
				SWIFT_VERSION = 5.0;
				TARGETED_DEVICE_FAMILY = "1,2";
				TEST_TARGET_NAME = Count;
			};
			name = Debug;
		};
		EFD8784D245AA48E009AF0D7 /* Release */ = {
			isa = XCBuildConfiguration;
			buildSettings = {
				ALWAYS_EMBED_SWIFT_STANDARD_LIBRARIES = YES;
				CODE_SIGN_STYLE = Automatic;
				INFOPLIST_FILE = CountUITests/Info.plist;
				LD_RUNPATH_SEARCH_PATHS = (
					"$(inherited)",
					"@executable_path/Frameworks",
					"@loader_path/Frameworks",
				);
				PRODUCT_BUNDLE_IDENTIFIER = app.Ayanon.Fukui.CountUITests;
				PRODUCT_NAME = "$(TARGET_NAME)";
				SWIFT_VERSION = 5.0;
				TARGETED_DEVICE_FAMILY = "1,2";
				TEST_TARGET_NAME = Count;
			};
			name = Release;
		};
/* End XCBuildConfiguration section */

/* Begin XCConfigurationList section */
		EFD87816245AA48A009AF0D7 /* Build configuration list for PBXProject "Count" */ = {
			isa = XCConfigurationList;
			buildConfigurations = (
				EFD87843245AA48E009AF0D7 /* Debug */,
				EFD87844245AA48E009AF0D7 /* Release */,
			);
			defaultConfigurationIsVisible = 0;
			defaultConfigurationName = Release;
		};
		EFD87845245AA48E009AF0D7 /* Build configuration list for PBXNativeTarget "Count" */ = {
			isa = XCConfigurationList;
			buildConfigurations = (
				EFD87846245AA48E009AF0D7 /* Debug */,
				EFD87847245AA48E009AF0D7 /* Release */,
			);
			defaultConfigurationIsVisible = 0;
			defaultConfigurationName = Release;
		};
		EFD87848245AA48E009AF0D7 /* Build configuration list for PBXNativeTarget "CountTests" */ = {
			isa = XCConfigurationList;
			buildConfigurations = (
				EFD87849245AA48E009AF0D7 /* Debug */,
				EFD8784A245AA48E009AF0D7 /* Release */,
			);
			defaultConfigurationIsVisible = 0;
			defaultConfigurationName = Release;
		};
		EFD8784B245AA48E009AF0D7 /* Build configuration list for PBXNativeTarget "CountUITests" */ = {
			isa = XCConfigurationList;
			buildConfigurations = (
				EFD8784C245AA48E009AF0D7 /* Debug */,
				EFD8784D245AA48E009AF0D7 /* Release */,
			);
			defaultConfigurationIsVisible = 0;
			defaultConfigurationName = Release;
		};
/* End XCConfigurationList section */
	};
	rootObject = EFD87813245AA48A009AF0D7 /* Project object */;
}
